
Microsoft Visual Studio Solution File, Format Version 11.00
# Visual Studio 2010
Project("{FAE04EC0-301F-11D3-BF4B-00C04F79EFBC}") = "MAAAAAP", "Assembly-CSharp-firstpass.csproj", "{4F8F974B-2B67-3189-26F4-AEF973203438}"
EndProject
Project("{FAE04EC0-301F-11D3-BF4B-00C04F79EFBC}") = "MAAAAAP", "Assembly-CSharp.csproj", "{19BDE7BE-DD69-3E74-1E69-DD31910FDF6C}"
EndProject
Project("{FAE04EC0-301F-11D3-BF4B-00C04F79EFBC}") = "MAAAAAP", "Assembly-CSharp-Editor-firstpass.csproj", "{B5EA740D-92EB-1B3F-6ABB-B210F0696077}"
EndProject
Global
	GlobalSection(SolutionConfigurationPlatforms) = preSolution
		Debug|Any CPU = Debug|Any CPU
		Release|Any CPU = Release|Any CPU
	EndGlobalSection
	GlobalSection(ProjectConfigurationPlatforms) = postSolution
		{4F8F974B-2B67-3189-26F4-AEF973203438}.Debug|Any CPU.ActiveCfg = Debug|Any CPU
		{4F8F974B-2B67-3189-26F4-AEF973203438}.Debug|Any CPU.Build.0 = Debug|Any CPU
		{4F8F974B-2B67-3189-26F4-AEF973203438}.Release|Any CPU.ActiveCfg = Release|Any CPU
		{4F8F974B-2B67-3189-26F4-AEF973203438}.Release|Any CPU.Build.0 = Release|Any CPU
		{19BDE7BE-DD69-3E74-1E69-DD31910FDF6C}.Debug|Any CPU.ActiveCfg = Debug|Any CPU
		{19BDE7BE-DD69-3E74-1E69-DD31910FDF6C}.Debug|Any CPU.Build.0 = Debug|Any CPU
		{19BDE7BE-DD69-3E74-1E69-DD31910FDF6C}.Release|Any CPU.ActiveCfg = Release|Any CPU
		{19BDE7BE-DD69-3E74-1E69-DD31910FDF6C}.Release|Any CPU.Build.0 = Release|Any CPU
		{B5EA740D-92EB-1B3F-6ABB-B210F0696077}.Debug|Any CPU.ActiveCfg = Debug|Any CPU
		{B5EA740D-92EB-1B3F-6ABB-B210F0696077}.Debug|Any CPU.Build.0 = Debug|Any CPU
		{B5EA740D-92EB-1B3F-6ABB-B210F0696077}.Release|Any CPU.ActiveCfg = Release|Any CPU
		{B5EA740D-92EB-1B3F-6ABB-B210F0696077}.Release|Any CPU.Build.0 = Release|Any CPU
	EndGlobalSection
	GlobalSection(SolutionProperties) = preSolution
		HideSolutionNode = FALSE
	EndGlobalSection
	GlobalSection(MonoDevelopProperties) = preSolution
		StartupItem = Assembly-CSharp.csproj
	EndGlobalSection
EndGlobal
